{"is_source_file": false, "format": "", "description": "", "external_files": [], "external_methods": [], "published": [], "classes": [], "methods": [], "calls": [], "search-terms": [], "state": 2, "file_id": 18, "knowledge_revision": 37, "git_revision": "b48caafa57ed538ece5d3df6c6763cf8df1bd502", "hash": "e9b4c3b42cef0193b7fddb548d37e652", "format-version": 4, "code-base-name": "default", "filename": "taskmaster_frontend/post_process_status.lock", "revision_history": [{"37": "b48caafa57ed538ece5d3df6c6763cf8df1bd502"}]}